{
  "requires": true,
  "lockfileVersion": 1,
  "dependencies": {
    "gitbook-plugin-icp": {
      "version": "0.1.2",
      "resolved": "https://registry.npmjs.org/gitbook-plugin-icp/-/gitbook-plugin-icp-0.1.2.tgz",
      "integrity": "sha512-Whyl/6u7lF8Fq8b33Wa+E8CWYKv1Z76jjONrXu20dPvs+6IR4KdSra5kF3gLDa5iT/dREiTfkjYLhQYEKnXo5A=="
    }
  }
}
